
Microsoft Visual Studio Solution File, Format Version 12.00
# Visual Studio 15
VisualStudioVersion = 15.0.27428.2005
MinimumVisualStudioVersion = 10.0.40219.1
Project("{FAE04EC0-301F-11D3-BF4B-00C04F79EFBC}") = "Onewheel", "Onewheel\Onewheel.csproj", "{C24BCECB-6A7F-41C3-9D33-0E24567C6885}"
EndProject
Project("{FAE04EC0-301F-11D3-BF4B-00C04F79EFBC}") = "DataManager", "DataManager\DataManager.csproj", "{3239A757-E34C-45BE-B4B7-3A3046D5D2CE}"
EndProject
Project("{FAE04EC0-301F-11D3-BF4B-00C04F79EFBC}") = "BluetoothOnewheelAccess", "BluetoothOnewheelAccess\BluetoothOnewheelAccess.csproj", "{AA2A91FF-40E8-4E8A-A86D-367E7F2D15F6}"
EndProject
Project("{FAE04EC0-301F-11D3-BF4B-00C04F79EFBC}") = "BluetoothBackgroundTask", "BluetoothBackgroundTask\BluetoothBackgroundTask.csproj", "{3CCA3C0B-D1BD-4E6B-93A3-72AF685EC573}"
EndProject
Global
	GlobalSection(SolutionConfigurationPlatforms) = preSolution
		Debug|Any CPU = Debug|Any CPU
		Debug|ARM = Debug|ARM
		Debug|x64 = Debug|x64
		Debug|x86 = Debug|x86
		Release|Any CPU = Release|Any CPU
		Release|ARM = Release|ARM
		Release|x64 = Release|x64
		Release|x86 = Release|x86
	EndGlobalSection
	GlobalSection(ProjectConfigurationPlatforms) = postSolution
		{C24BCECB-6A7F-41C3-9D33-0E24567C6885}.Debug|Any CPU.ActiveCfg = Debug|x86
		{C24BCECB-6A7F-41C3-9D33-0E24567C6885}.Debug|ARM.ActiveCfg = Debug|ARM
		{C24BCECB-6A7F-41C3-9D33-0E24567C6885}.Debug|ARM.Build.0 = Debug|ARM
		{C24BCECB-6A7F-41C3-9D33-0E24567C6885}.Debug|ARM.Deploy.0 = Debug|ARM
		{C24BCECB-6A7F-41C3-9D33-0E24567C6885}.Debug|x64.ActiveCfg = Debug|x64
		{C24BCECB-6A7F-41C3-9D33-0E24567C6885}.Debug|x64.Build.0 = Debug|x64
		{C24BCECB-6A7F-41C3-9D33-0E24567C6885}.Debug|x64.Deploy.0 = Debug|x64
		{C24BCECB-6A7F-41C3-9D33-0E24567C6885}.Debug|x86.ActiveCfg = Debug|x86
		{C24BCECB-6A7F-41C3-9D33-0E24567C6885}.Debug|x86.Build.0 = Debug|x86
		{C24BCECB-6A7F-41C3-9D33-0E24567C6885}.Debug|x86.Deploy.0 = Debug|x86
		{C24BCECB-6A7F-41C3-9D33-0E24567C6885}.Release|Any CPU.ActiveCfg = Release|x86
		{C24BCECB-6A7F-41C3-9D33-0E24567C6885}.Release|ARM.ActiveCfg = Release|ARM
		{C24BCECB-6A7F-41C3-9D33-0E24567C6885}.Release|ARM.Build.0 = Release|ARM
		{C24BCECB-6A7F-41C3-9D33-0E24567C6885}.Release|ARM.Deploy.0 = Release|ARM
		{C24BCECB-6A7F-41C3-9D33-0E24567C6885}.Release|x64.ActiveCfg = Release|x64
		{C24BCECB-6A7F-41C3-9D33-0E24567C6885}.Release|x64.Build.0 = Release|x64
		{C24BCECB-6A7F-41C3-9D33-0E24567C6885}.Release|x64.Deploy.0 = Release|x64
		{C24BCECB-6A7F-41C3-9D33-0E24567C6885}.Release|x86.ActiveCfg = Release|x86
		{C24BCECB-6A7F-41C3-9D33-0E24567C6885}.Release|x86.Build.0 = Release|x86
		{C24BCECB-6A7F-41C3-9D33-0E24567C6885}.Release|x86.Deploy.0 = Release|x86
		{3239A757-E34C-45BE-B4B7-3A3046D5D2CE}.Debug|Any CPU.ActiveCfg = Debug|Any CPU
		{3239A757-E34C-45BE-B4B7-3A3046D5D2CE}.Debug|Any CPU.Build.0 = Debug|Any CPU
		{3239A757-E34C-45BE-B4B7-3A3046D5D2CE}.Debug|ARM.ActiveCfg = Debug|ARM
		{3239A757-E34C-45BE-B4B7-3A3046D5D2CE}.Debug|ARM.Build.0 = Debug|ARM
		{3239A757-E34C-45BE-B4B7-3A3046D5D2CE}.Debug|x64.ActiveCfg = Debug|x64
		{3239A757-E34C-45BE-B4B7-3A3046D5D2CE}.Debug|x64.Build.0 = Debug|x64
		{3239A757-E34C-45BE-B4B7-3A3046D5D2CE}.Debug|x86.ActiveCfg = Debug|x86
		{3239A757-E34C-45BE-B4B7-3A3046D5D2CE}.Debug|x86.Build.0 = Debug|x86
		{3239A757-E34C-45BE-B4B7-3A3046D5D2CE}.Release|Any CPU.ActiveCfg = Release|Any CPU
		{3239A757-E34C-45BE-B4B7-3A3046D5D2CE}.Release|Any CPU.Build.0 = Release|Any CPU
		{3239A757-E34C-45BE-B4B7-3A3046D5D2CE}.Release|ARM.ActiveCfg = Release|ARM
		{3239A757-E34C-45BE-B4B7-3A3046D5D2CE}.Release|ARM.Build.0 = Release|ARM
		{3239A757-E34C-45BE-B4B7-3A3046D5D2CE}.Release|x64.ActiveCfg = Release|x64
		{3239A757-E34C-45BE-B4B7-3A3046D5D2CE}.Release|x64.Build.0 = Release|x64
		{3239A757-E34C-45BE-B4B7-3A3046D5D2CE}.Release|x86.ActiveCfg = Release|x86
		{3239A757-E34C-45BE-B4B7-3A3046D5D2CE}.Release|x86.Build.0 = Release|x86
		{AA2A91FF-40E8-4E8A-A86D-367E7F2D15F6}.Debug|Any CPU.ActiveCfg = Debug|Any CPU
		{AA2A91FF-40E8-4E8A-A86D-367E7F2D15F6}.Debug|Any CPU.Build.0 = Debug|Any CPU
		{AA2A91FF-40E8-4E8A-A86D-367E7F2D15F6}.Debug|ARM.ActiveCfg = Debug|ARM
		{AA2A91FF-40E8-4E8A-A86D-367E7F2D15F6}.Debug|ARM.Build.0 = Debug|ARM
		{AA2A91FF-40E8-4E8A-A86D-367E7F2D15F6}.Debug|x64.ActiveCfg = Debug|x64
		{AA2A91FF-40E8-4E8A-A86D-367E7F2D15F6}.Debug|x64.Build.0 = Debug|x64
		{AA2A91FF-40E8-4E8A-A86D-367E7F2D15F6}.Debug|x86.ActiveCfg = Debug|x86
		{AA2A91FF-40E8-4E8A-A86D-367E7F2D15F6}.Debug|x86.Build.0 = Debug|x86
		{AA2A91FF-40E8-4E8A-A86D-367E7F2D15F6}.Release|Any CPU.ActiveCfg = Release|Any CPU
		{AA2A91FF-40E8-4E8A-A86D-367E7F2D15F6}.Release|Any CPU.Build.0 = Release|Any CPU
		{AA2A91FF-40E8-4E8A-A86D-367E7F2D15F6}.Release|ARM.ActiveCfg = Release|ARM
		{AA2A91FF-40E8-4E8A-A86D-367E7F2D15F6}.Release|ARM.Build.0 = Release|ARM
		{AA2A91FF-40E8-4E8A-A86D-367E7F2D15F6}.Release|x64.ActiveCfg = Release|x64
		{AA2A91FF-40E8-4E8A-A86D-367E7F2D15F6}.Release|x64.Build.0 = Release|x64
		{AA2A91FF-40E8-4E8A-A86D-367E7F2D15F6}.Release|x86.ActiveCfg = Release|x86
		{AA2A91FF-40E8-4E8A-A86D-367E7F2D15F6}.Release|x86.Build.0 = Release|x86
		{3CCA3C0B-D1BD-4E6B-93A3-72AF685EC573}.Debug|Any CPU.ActiveCfg = Debug|Any CPU
		{3CCA3C0B-D1BD-4E6B-93A3-72AF685EC573}.Debug|Any CPU.Build.0 = Debug|Any CPU
		{3CCA3C0B-D1BD-4E6B-93A3-72AF685EC573}.Debug|ARM.ActiveCfg = Debug|ARM
		{3CCA3C0B-D1BD-4E6B-93A3-72AF685EC573}.Debug|ARM.Build.0 = Debug|ARM
		{3CCA3C0B-D1BD-4E6B-93A3-72AF685EC573}.Debug|x64.ActiveCfg = Debug|x64
		{3CCA3C0B-D1BD-4E6B-93A3-72AF685EC573}.Debug|x64.Build.0 = Debug|x64
		{3CCA3C0B-D1BD-4E6B-93A3-72AF685EC573}.Debug|x86.ActiveCfg = Debug|x86
		{3CCA3C0B-D1BD-4E6B-93A3-72AF685EC573}.Debug|x86.Build.0 = Debug|x86
		{3CCA3C0B-D1BD-4E6B-93A3-72AF685EC573}.Release|Any CPU.ActiveCfg = Release|Any CPU
		{3CCA3C0B-D1BD-4E6B-93A3-72AF685EC573}.Release|Any CPU.Build.0 = Release|Any CPU
		{3CCA3C0B-D1BD-4E6B-93A3-72AF685EC573}.Release|ARM.ActiveCfg = Release|ARM
		{3CCA3C0B-D1BD-4E6B-93A3-72AF685EC573}.Release|ARM.Build.0 = Release|ARM
		{3CCA3C0B-D1BD-4E6B-93A3-72AF685EC573}.Release|x64.ActiveCfg = Release|x64
		{3CCA3C0B-D1BD-4E6B-93A3-72AF685EC573}.Release|x64.Build.0 = Release|x64
		{3CCA3C0B-D1BD-4E6B-93A3-72AF685EC573}.Release|x86.ActiveCfg = Release|x86
		{3CCA3C0B-D1BD-4E6B-93A3-72AF685EC573}.Release|x86.Build.0 = Release|x86
	EndGlobalSection
	GlobalSection(SolutionProperties) = preSolution
		HideSolutionNode = FALSE
	EndGlobalSection
	GlobalSection(ExtensibilityGlobals) = postSolution
		SolutionGuid = {404BFB66-DB07-4841-91CD-A3B1B2A3A0D8}
	EndGlobalSection
EndGlobal
