
Microsoft Visual Studio Solution File, Format Version 12.00
# Visual Studio 15
VisualStudioVersion = 15.0.27428.2005
MinimumVisualStudioVersion = 10.0.40219.1
Project("{FAE04EC0-301F-11D3-BF4B-00C04F79EFBC}") = "Onewheel", "Onewheel\Onewheel.csproj", "{C24BCECB-6A7F-41C3-9D33-0E24567C6885}"
EndProject
Project("{FAE04EC0-301F-11D3-BF4B-00C04F79EFBC}") = "DataManager", "DataManager\DataManager.csproj", "{3239A757-E34C-45BE-B4B7-3A3046D5D2CE}"
EndProject
Project("{FAE04EC0-301F-11D3-BF4B-00C04F79EFBC}") = "BluetoothBackgroundTask", "BluetoothBackgroundTask\BluetoothBackgroundTask.csproj", "{3CCA3C0B-D1BD-4E6B-93A3-72AF685EC573}"
EndProject
Project("{FAE04EC0-301F-11D3-BF4B-00C04F79EFBC}") = "Logging", "Logging\Logging.csproj", "{24FEF00D-9A32-4EDB-944B-1F82877E108E}"
EndProject
Project("{FAE04EC0-301F-11D3-BF4B-00C04F79EFBC}") = "OnewheelBluetooth", "OnewheelBluetooth\OnewheelBluetooth.csproj", "{3006D751-EBA6-4FB2-A784-0B25B5CA0DDD}"
EndProject
Project("{FAE04EC0-301F-11D3-BF4B-00C04F79EFBC}") = "Component_Tests", "Component_Tests\Component_Tests.csproj", "{CED1E1B1-7695-4F77-90BC-D26652D56F3A}"
EndProject
Project("{FAE04EC0-301F-11D3-BF4B-00C04F79EFBC}") = "Onewheel_UI_Context", "Onewheel_UI_Context\Onewheel_UI_Context.csproj", "{E9A0BEF8-0D98-4E94-8FD1-CE87C51E4704}"
EndProject
Project("{FAE04EC0-301F-11D3-BF4B-00C04F79EFBC}") = "Shared", "Shared\Shared.csproj", "{4567C459-1E6C-490D-B017-9B908725B8A4}"
EndProject
Project("{C7167F0D-BC9F-4E6E-AFE1-012C56B48DB5}") = "Packaging", "Packaging\Packaging.wapproj", "{B2C7EB07-70FB-42CF-AF91-EDAC3F4D66F5}"
EndProject
Global
	GlobalSection(SolutionConfigurationPlatforms) = preSolution
		Debug|Any CPU = Debug|Any CPU
		Debug|ARM = Debug|ARM
		Debug|ARM64 = Debug|ARM64
		Debug|x64 = Debug|x64
		Debug|x86 = Debug|x86
		Release|Any CPU = Release|Any CPU
		Release|ARM = Release|ARM
		Release|ARM64 = Release|ARM64
		Release|x64 = Release|x64
		Release|x86 = Release|x86
	EndGlobalSection
	GlobalSection(ProjectConfigurationPlatforms) = postSolution
		{C24BCECB-6A7F-41C3-9D33-0E24567C6885}.Debug|Any CPU.ActiveCfg = Debug|x86
		{C24BCECB-6A7F-41C3-9D33-0E24567C6885}.Debug|ARM.ActiveCfg = Debug|ARM
		{C24BCECB-6A7F-41C3-9D33-0E24567C6885}.Debug|ARM.Build.0 = Debug|ARM
		{C24BCECB-6A7F-41C3-9D33-0E24567C6885}.Debug|ARM.Deploy.0 = Debug|ARM
		{C24BCECB-6A7F-41C3-9D33-0E24567C6885}.Debug|ARM64.ActiveCfg = Debug|x86
		{C24BCECB-6A7F-41C3-9D33-0E24567C6885}.Debug|x64.ActiveCfg = Debug|x64
		{C24BCECB-6A7F-41C3-9D33-0E24567C6885}.Debug|x64.Build.0 = Debug|x64
		{C24BCECB-6A7F-41C3-9D33-0E24567C6885}.Debug|x64.Deploy.0 = Debug|x64
		{C24BCECB-6A7F-41C3-9D33-0E24567C6885}.Debug|x86.ActiveCfg = Debug|x86
		{C24BCECB-6A7F-41C3-9D33-0E24567C6885}.Debug|x86.Build.0 = Debug|x86
		{C24BCECB-6A7F-41C3-9D33-0E24567C6885}.Debug|x86.Deploy.0 = Debug|x86
		{C24BCECB-6A7F-41C3-9D33-0E24567C6885}.Release|Any CPU.ActiveCfg = Release|x86
		{C24BCECB-6A7F-41C3-9D33-0E24567C6885}.Release|ARM.ActiveCfg = Release|ARM
		{C24BCECB-6A7F-41C3-9D33-0E24567C6885}.Release|ARM.Build.0 = Release|ARM
		{C24BCECB-6A7F-41C3-9D33-0E24567C6885}.Release|ARM.Deploy.0 = Release|ARM
		{C24BCECB-6A7F-41C3-9D33-0E24567C6885}.Release|ARM64.ActiveCfg = Release|x86
		{C24BCECB-6A7F-41C3-9D33-0E24567C6885}.Release|x64.ActiveCfg = Release|x64
		{C24BCECB-6A7F-41C3-9D33-0E24567C6885}.Release|x64.Build.0 = Release|x64
		{C24BCECB-6A7F-41C3-9D33-0E24567C6885}.Release|x64.Deploy.0 = Release|x64
		{C24BCECB-6A7F-41C3-9D33-0E24567C6885}.Release|x86.ActiveCfg = Release|x86
		{C24BCECB-6A7F-41C3-9D33-0E24567C6885}.Release|x86.Build.0 = Release|x86
		{C24BCECB-6A7F-41C3-9D33-0E24567C6885}.Release|x86.Deploy.0 = Release|x86
		{3239A757-E34C-45BE-B4B7-3A3046D5D2CE}.Debug|Any CPU.ActiveCfg = Debug|Any CPU
		{3239A757-E34C-45BE-B4B7-3A3046D5D2CE}.Debug|Any CPU.Build.0 = Debug|Any CPU
		{3239A757-E34C-45BE-B4B7-3A3046D5D2CE}.Debug|ARM.ActiveCfg = Debug|ARM
		{3239A757-E34C-45BE-B4B7-3A3046D5D2CE}.Debug|ARM.Build.0 = Debug|ARM
		{3239A757-E34C-45BE-B4B7-3A3046D5D2CE}.Debug|ARM64.ActiveCfg = Debug|Any CPU
		{3239A757-E34C-45BE-B4B7-3A3046D5D2CE}.Debug|ARM64.Build.0 = Debug|Any CPU
		{3239A757-E34C-45BE-B4B7-3A3046D5D2CE}.Debug|x64.ActiveCfg = Debug|x64
		{3239A757-E34C-45BE-B4B7-3A3046D5D2CE}.Debug|x64.Build.0 = Debug|x64
		{3239A757-E34C-45BE-B4B7-3A3046D5D2CE}.Debug|x86.ActiveCfg = Debug|x86
		{3239A757-E34C-45BE-B4B7-3A3046D5D2CE}.Debug|x86.Build.0 = Debug|x86
		{3239A757-E34C-45BE-B4B7-3A3046D5D2CE}.Release|Any CPU.ActiveCfg = Release|Any CPU
		{3239A757-E34C-45BE-B4B7-3A3046D5D2CE}.Release|Any CPU.Build.0 = Release|Any CPU
		{3239A757-E34C-45BE-B4B7-3A3046D5D2CE}.Release|ARM.ActiveCfg = Release|ARM
		{3239A757-E34C-45BE-B4B7-3A3046D5D2CE}.Release|ARM.Build.0 = Release|ARM
		{3239A757-E34C-45BE-B4B7-3A3046D5D2CE}.Release|ARM64.ActiveCfg = Release|Any CPU
		{3239A757-E34C-45BE-B4B7-3A3046D5D2CE}.Release|ARM64.Build.0 = Release|Any CPU
		{3239A757-E34C-45BE-B4B7-3A3046D5D2CE}.Release|x64.ActiveCfg = Release|x64
		{3239A757-E34C-45BE-B4B7-3A3046D5D2CE}.Release|x64.Build.0 = Release|x64
		{3239A757-E34C-45BE-B4B7-3A3046D5D2CE}.Release|x86.ActiveCfg = Release|x86
		{3239A757-E34C-45BE-B4B7-3A3046D5D2CE}.Release|x86.Build.0 = Release|x86
		{3CCA3C0B-D1BD-4E6B-93A3-72AF685EC573}.Debug|Any CPU.ActiveCfg = Debug|Any CPU
		{3CCA3C0B-D1BD-4E6B-93A3-72AF685EC573}.Debug|Any CPU.Build.0 = Debug|Any CPU
		{3CCA3C0B-D1BD-4E6B-93A3-72AF685EC573}.Debug|ARM.ActiveCfg = Debug|ARM
		{3CCA3C0B-D1BD-4E6B-93A3-72AF685EC573}.Debug|ARM.Build.0 = Debug|ARM
		{3CCA3C0B-D1BD-4E6B-93A3-72AF685EC573}.Debug|ARM64.ActiveCfg = Debug|Any CPU
		{3CCA3C0B-D1BD-4E6B-93A3-72AF685EC573}.Debug|ARM64.Build.0 = Debug|Any CPU
		{3CCA3C0B-D1BD-4E6B-93A3-72AF685EC573}.Debug|x64.ActiveCfg = Debug|x64
		{3CCA3C0B-D1BD-4E6B-93A3-72AF685EC573}.Debug|x64.Build.0 = Debug|x64
		{3CCA3C0B-D1BD-4E6B-93A3-72AF685EC573}.Debug|x86.ActiveCfg = Debug|x86
		{3CCA3C0B-D1BD-4E6B-93A3-72AF685EC573}.Debug|x86.Build.0 = Debug|x86
		{3CCA3C0B-D1BD-4E6B-93A3-72AF685EC573}.Release|Any CPU.ActiveCfg = Release|Any CPU
		{3CCA3C0B-D1BD-4E6B-93A3-72AF685EC573}.Release|Any CPU.Build.0 = Release|Any CPU
		{3CCA3C0B-D1BD-4E6B-93A3-72AF685EC573}.Release|ARM.ActiveCfg = Release|ARM
		{3CCA3C0B-D1BD-4E6B-93A3-72AF685EC573}.Release|ARM.Build.0 = Release|ARM
		{3CCA3C0B-D1BD-4E6B-93A3-72AF685EC573}.Release|ARM64.ActiveCfg = Release|Any CPU
		{3CCA3C0B-D1BD-4E6B-93A3-72AF685EC573}.Release|ARM64.Build.0 = Release|Any CPU
		{3CCA3C0B-D1BD-4E6B-93A3-72AF685EC573}.Release|x64.ActiveCfg = Release|x64
		{3CCA3C0B-D1BD-4E6B-93A3-72AF685EC573}.Release|x64.Build.0 = Release|x64
		{3CCA3C0B-D1BD-4E6B-93A3-72AF685EC573}.Release|x86.ActiveCfg = Release|x86
		{3CCA3C0B-D1BD-4E6B-93A3-72AF685EC573}.Release|x86.Build.0 = Release|x86
		{24FEF00D-9A32-4EDB-944B-1F82877E108E}.Debug|Any CPU.ActiveCfg = Debug|Any CPU
		{24FEF00D-9A32-4EDB-944B-1F82877E108E}.Debug|Any CPU.Build.0 = Debug|Any CPU
		{24FEF00D-9A32-4EDB-944B-1F82877E108E}.Debug|ARM.ActiveCfg = Debug|ARM
		{24FEF00D-9A32-4EDB-944B-1F82877E108E}.Debug|ARM.Build.0 = Debug|ARM
		{24FEF00D-9A32-4EDB-944B-1F82877E108E}.Debug|ARM64.ActiveCfg = Debug|Any CPU
		{24FEF00D-9A32-4EDB-944B-1F82877E108E}.Debug|ARM64.Build.0 = Debug|Any CPU
		{24FEF00D-9A32-4EDB-944B-1F82877E108E}.Debug|x64.ActiveCfg = Debug|x64
		{24FEF00D-9A32-4EDB-944B-1F82877E108E}.Debug|x64.Build.0 = Debug|x64
		{24FEF00D-9A32-4EDB-944B-1F82877E108E}.Debug|x86.ActiveCfg = Debug|x86
		{24FEF00D-9A32-4EDB-944B-1F82877E108E}.Debug|x86.Build.0 = Debug|x86
		{24FEF00D-9A32-4EDB-944B-1F82877E108E}.Release|Any CPU.ActiveCfg = Release|Any CPU
		{24FEF00D-9A32-4EDB-944B-1F82877E108E}.Release|Any CPU.Build.0 = Release|Any CPU
		{24FEF00D-9A32-4EDB-944B-1F82877E108E}.Release|ARM.ActiveCfg = Release|ARM
		{24FEF00D-9A32-4EDB-944B-1F82877E108E}.Release|ARM.Build.0 = Release|ARM
		{24FEF00D-9A32-4EDB-944B-1F82877E108E}.Release|ARM64.ActiveCfg = Release|Any CPU
		{24FEF00D-9A32-4EDB-944B-1F82877E108E}.Release|ARM64.Build.0 = Release|Any CPU
		{24FEF00D-9A32-4EDB-944B-1F82877E108E}.Release|x64.ActiveCfg = Release|x64
		{24FEF00D-9A32-4EDB-944B-1F82877E108E}.Release|x64.Build.0 = Release|x64
		{24FEF00D-9A32-4EDB-944B-1F82877E108E}.Release|x86.ActiveCfg = Release|x86
		{24FEF00D-9A32-4EDB-944B-1F82877E108E}.Release|x86.Build.0 = Release|x86
		{3006D751-EBA6-4FB2-A784-0B25B5CA0DDD}.Debug|Any CPU.ActiveCfg = Debug|Any CPU
		{3006D751-EBA6-4FB2-A784-0B25B5CA0DDD}.Debug|Any CPU.Build.0 = Debug|Any CPU
		{3006D751-EBA6-4FB2-A784-0B25B5CA0DDD}.Debug|ARM.ActiveCfg = Debug|ARM
		{3006D751-EBA6-4FB2-A784-0B25B5CA0DDD}.Debug|ARM.Build.0 = Debug|ARM
		{3006D751-EBA6-4FB2-A784-0B25B5CA0DDD}.Debug|ARM64.ActiveCfg = Debug|ARM64
		{3006D751-EBA6-4FB2-A784-0B25B5CA0DDD}.Debug|ARM64.Build.0 = Debug|ARM64
		{3006D751-EBA6-4FB2-A784-0B25B5CA0DDD}.Debug|x64.ActiveCfg = Debug|x64
		{3006D751-EBA6-4FB2-A784-0B25B5CA0DDD}.Debug|x64.Build.0 = Debug|x64
		{3006D751-EBA6-4FB2-A784-0B25B5CA0DDD}.Debug|x86.ActiveCfg = Debug|x86
		{3006D751-EBA6-4FB2-A784-0B25B5CA0DDD}.Debug|x86.Build.0 = Debug|x86
		{3006D751-EBA6-4FB2-A784-0B25B5CA0DDD}.Release|Any CPU.ActiveCfg = Release|Any CPU
		{3006D751-EBA6-4FB2-A784-0B25B5CA0DDD}.Release|Any CPU.Build.0 = Release|Any CPU
		{3006D751-EBA6-4FB2-A784-0B25B5CA0DDD}.Release|ARM.ActiveCfg = Release|ARM
		{3006D751-EBA6-4FB2-A784-0B25B5CA0DDD}.Release|ARM.Build.0 = Release|ARM
		{3006D751-EBA6-4FB2-A784-0B25B5CA0DDD}.Release|ARM64.ActiveCfg = Release|ARM64
		{3006D751-EBA6-4FB2-A784-0B25B5CA0DDD}.Release|ARM64.Build.0 = Release|ARM64
		{3006D751-EBA6-4FB2-A784-0B25B5CA0DDD}.Release|x64.ActiveCfg = Release|x64
		{3006D751-EBA6-4FB2-A784-0B25B5CA0DDD}.Release|x64.Build.0 = Release|x64
		{3006D751-EBA6-4FB2-A784-0B25B5CA0DDD}.Release|x86.ActiveCfg = Release|x86
		{3006D751-EBA6-4FB2-A784-0B25B5CA0DDD}.Release|x86.Build.0 = Release|x86
		{CED1E1B1-7695-4F77-90BC-D26652D56F3A}.Debug|Any CPU.ActiveCfg = Debug|x86
		{CED1E1B1-7695-4F77-90BC-D26652D56F3A}.Debug|ARM.ActiveCfg = Debug|ARM
		{CED1E1B1-7695-4F77-90BC-D26652D56F3A}.Debug|ARM.Build.0 = Debug|ARM
		{CED1E1B1-7695-4F77-90BC-D26652D56F3A}.Debug|ARM.Deploy.0 = Debug|ARM
		{CED1E1B1-7695-4F77-90BC-D26652D56F3A}.Debug|ARM64.ActiveCfg = Debug|ARM64
		{CED1E1B1-7695-4F77-90BC-D26652D56F3A}.Debug|ARM64.Build.0 = Debug|ARM64
		{CED1E1B1-7695-4F77-90BC-D26652D56F3A}.Debug|ARM64.Deploy.0 = Debug|ARM64
		{CED1E1B1-7695-4F77-90BC-D26652D56F3A}.Debug|x64.ActiveCfg = Debug|x64
		{CED1E1B1-7695-4F77-90BC-D26652D56F3A}.Debug|x64.Build.0 = Debug|x64
		{CED1E1B1-7695-4F77-90BC-D26652D56F3A}.Debug|x64.Deploy.0 = Debug|x64
		{CED1E1B1-7695-4F77-90BC-D26652D56F3A}.Debug|x86.ActiveCfg = Debug|x86
		{CED1E1B1-7695-4F77-90BC-D26652D56F3A}.Debug|x86.Build.0 = Debug|x86
		{CED1E1B1-7695-4F77-90BC-D26652D56F3A}.Debug|x86.Deploy.0 = Debug|x86
		{CED1E1B1-7695-4F77-90BC-D26652D56F3A}.Release|Any CPU.ActiveCfg = Release|x86
		{CED1E1B1-7695-4F77-90BC-D26652D56F3A}.Release|ARM.ActiveCfg = Release|ARM
		{CED1E1B1-7695-4F77-90BC-D26652D56F3A}.Release|ARM.Build.0 = Release|ARM
		{CED1E1B1-7695-4F77-90BC-D26652D56F3A}.Release|ARM.Deploy.0 = Release|ARM
		{CED1E1B1-7695-4F77-90BC-D26652D56F3A}.Release|ARM64.ActiveCfg = Release|ARM64
		{CED1E1B1-7695-4F77-90BC-D26652D56F3A}.Release|ARM64.Build.0 = Release|ARM64
		{CED1E1B1-7695-4F77-90BC-D26652D56F3A}.Release|ARM64.Deploy.0 = Release|ARM64
		{CED1E1B1-7695-4F77-90BC-D26652D56F3A}.Release|x64.ActiveCfg = Release|x64
		{CED1E1B1-7695-4F77-90BC-D26652D56F3A}.Release|x64.Build.0 = Release|x64
		{CED1E1B1-7695-4F77-90BC-D26652D56F3A}.Release|x64.Deploy.0 = Release|x64
		{CED1E1B1-7695-4F77-90BC-D26652D56F3A}.Release|x86.ActiveCfg = Release|x86
		{CED1E1B1-7695-4F77-90BC-D26652D56F3A}.Release|x86.Build.0 = Release|x86
		{CED1E1B1-7695-4F77-90BC-D26652D56F3A}.Release|x86.Deploy.0 = Release|x86
		{E9A0BEF8-0D98-4E94-8FD1-CE87C51E4704}.Debug|Any CPU.ActiveCfg = Debug|Any CPU
		{E9A0BEF8-0D98-4E94-8FD1-CE87C51E4704}.Debug|Any CPU.Build.0 = Debug|Any CPU
		{E9A0BEF8-0D98-4E94-8FD1-CE87C51E4704}.Debug|ARM.ActiveCfg = Debug|ARM
		{E9A0BEF8-0D98-4E94-8FD1-CE87C51E4704}.Debug|ARM.Build.0 = Debug|ARM
		{E9A0BEF8-0D98-4E94-8FD1-CE87C51E4704}.Debug|ARM64.ActiveCfg = Debug|ARM64
		{E9A0BEF8-0D98-4E94-8FD1-CE87C51E4704}.Debug|ARM64.Build.0 = Debug|ARM64
		{E9A0BEF8-0D98-4E94-8FD1-CE87C51E4704}.Debug|x64.ActiveCfg = Debug|x64
		{E9A0BEF8-0D98-4E94-8FD1-CE87C51E4704}.Debug|x64.Build.0 = Debug|x64
		{E9A0BEF8-0D98-4E94-8FD1-CE87C51E4704}.Debug|x86.ActiveCfg = Debug|x86
		{E9A0BEF8-0D98-4E94-8FD1-CE87C51E4704}.Debug|x86.Build.0 = Debug|x86
		{E9A0BEF8-0D98-4E94-8FD1-CE87C51E4704}.Release|Any CPU.ActiveCfg = Release|Any CPU
		{E9A0BEF8-0D98-4E94-8FD1-CE87C51E4704}.Release|Any CPU.Build.0 = Release|Any CPU
		{E9A0BEF8-0D98-4E94-8FD1-CE87C51E4704}.Release|ARM.ActiveCfg = Release|ARM
		{E9A0BEF8-0D98-4E94-8FD1-CE87C51E4704}.Release|ARM.Build.0 = Release|ARM
		{E9A0BEF8-0D98-4E94-8FD1-CE87C51E4704}.Release|ARM64.ActiveCfg = Release|ARM64
		{E9A0BEF8-0D98-4E94-8FD1-CE87C51E4704}.Release|ARM64.Build.0 = Release|ARM64
		{E9A0BEF8-0D98-4E94-8FD1-CE87C51E4704}.Release|x64.ActiveCfg = Release|x64
		{E9A0BEF8-0D98-4E94-8FD1-CE87C51E4704}.Release|x64.Build.0 = Release|x64
		{E9A0BEF8-0D98-4E94-8FD1-CE87C51E4704}.Release|x86.ActiveCfg = Release|x86
		{E9A0BEF8-0D98-4E94-8FD1-CE87C51E4704}.Release|x86.Build.0 = Release|x86
		{4567C459-1E6C-490D-B017-9B908725B8A4}.Debug|Any CPU.ActiveCfg = Debug|Any CPU
		{4567C459-1E6C-490D-B017-9B908725B8A4}.Debug|Any CPU.Build.0 = Debug|Any CPU
		{4567C459-1E6C-490D-B017-9B908725B8A4}.Debug|ARM.ActiveCfg = Debug|ARM
		{4567C459-1E6C-490D-B017-9B908725B8A4}.Debug|ARM.Build.0 = Debug|ARM
		{4567C459-1E6C-490D-B017-9B908725B8A4}.Debug|ARM64.ActiveCfg = Debug|ARM64
		{4567C459-1E6C-490D-B017-9B908725B8A4}.Debug|ARM64.Build.0 = Debug|ARM64
		{4567C459-1E6C-490D-B017-9B908725B8A4}.Debug|x64.ActiveCfg = Debug|x64
		{4567C459-1E6C-490D-B017-9B908725B8A4}.Debug|x64.Build.0 = Debug|x64
		{4567C459-1E6C-490D-B017-9B908725B8A4}.Debug|x86.ActiveCfg = Debug|x86
		{4567C459-1E6C-490D-B017-9B908725B8A4}.Debug|x86.Build.0 = Debug|x86
		{4567C459-1E6C-490D-B017-9B908725B8A4}.Release|Any CPU.ActiveCfg = Release|Any CPU
		{4567C459-1E6C-490D-B017-9B908725B8A4}.Release|Any CPU.Build.0 = Release|Any CPU
		{4567C459-1E6C-490D-B017-9B908725B8A4}.Release|ARM.ActiveCfg = Release|ARM
		{4567C459-1E6C-490D-B017-9B908725B8A4}.Release|ARM.Build.0 = Release|ARM
		{4567C459-1E6C-490D-B017-9B908725B8A4}.Release|ARM64.ActiveCfg = Release|ARM64
		{4567C459-1E6C-490D-B017-9B908725B8A4}.Release|ARM64.Build.0 = Release|ARM64
		{4567C459-1E6C-490D-B017-9B908725B8A4}.Release|x64.ActiveCfg = Release|x64
		{4567C459-1E6C-490D-B017-9B908725B8A4}.Release|x64.Build.0 = Release|x64
		{4567C459-1E6C-490D-B017-9B908725B8A4}.Release|x86.ActiveCfg = Release|x86
		{4567C459-1E6C-490D-B017-9B908725B8A4}.Release|x86.Build.0 = Release|x86
		{B2C7EB07-70FB-42CF-AF91-EDAC3F4D66F5}.Debug|Any CPU.ActiveCfg = Debug|Any CPU
		{B2C7EB07-70FB-42CF-AF91-EDAC3F4D66F5}.Debug|Any CPU.Build.0 = Debug|Any CPU
		{B2C7EB07-70FB-42CF-AF91-EDAC3F4D66F5}.Debug|Any CPU.Deploy.0 = Debug|Any CPU
		{B2C7EB07-70FB-42CF-AF91-EDAC3F4D66F5}.Debug|ARM.ActiveCfg = Debug|Any CPU
		{B2C7EB07-70FB-42CF-AF91-EDAC3F4D66F5}.Debug|ARM.Build.0 = Debug|Any CPU
		{B2C7EB07-70FB-42CF-AF91-EDAC3F4D66F5}.Debug|ARM.Deploy.0 = Debug|Any CPU
		{B2C7EB07-70FB-42CF-AF91-EDAC3F4D66F5}.Debug|ARM64.ActiveCfg = Debug|Any CPU
		{B2C7EB07-70FB-42CF-AF91-EDAC3F4D66F5}.Debug|ARM64.Build.0 = Debug|Any CPU
		{B2C7EB07-70FB-42CF-AF91-EDAC3F4D66F5}.Debug|ARM64.Deploy.0 = Debug|Any CPU
		{B2C7EB07-70FB-42CF-AF91-EDAC3F4D66F5}.Debug|x64.ActiveCfg = Debug|x64
		{B2C7EB07-70FB-42CF-AF91-EDAC3F4D66F5}.Debug|x64.Build.0 = Debug|x64
		{B2C7EB07-70FB-42CF-AF91-EDAC3F4D66F5}.Debug|x64.Deploy.0 = Debug|x64
		{B2C7EB07-70FB-42CF-AF91-EDAC3F4D66F5}.Debug|x86.ActiveCfg = Debug|x86
		{B2C7EB07-70FB-42CF-AF91-EDAC3F4D66F5}.Debug|x86.Build.0 = Debug|x86
		{B2C7EB07-70FB-42CF-AF91-EDAC3F4D66F5}.Debug|x86.Deploy.0 = Debug|x86
		{B2C7EB07-70FB-42CF-AF91-EDAC3F4D66F5}.Release|Any CPU.ActiveCfg = Release|Any CPU
		{B2C7EB07-70FB-42CF-AF91-EDAC3F4D66F5}.Release|Any CPU.Build.0 = Release|Any CPU
		{B2C7EB07-70FB-42CF-AF91-EDAC3F4D66F5}.Release|Any CPU.Deploy.0 = Release|Any CPU
		{B2C7EB07-70FB-42CF-AF91-EDAC3F4D66F5}.Release|ARM.ActiveCfg = Release|Any CPU
		{B2C7EB07-70FB-42CF-AF91-EDAC3F4D66F5}.Release|ARM.Build.0 = Release|Any CPU
		{B2C7EB07-70FB-42CF-AF91-EDAC3F4D66F5}.Release|ARM.Deploy.0 = Release|Any CPU
		{B2C7EB07-70FB-42CF-AF91-EDAC3F4D66F5}.Release|ARM64.ActiveCfg = Release|Any CPU
		{B2C7EB07-70FB-42CF-AF91-EDAC3F4D66F5}.Release|ARM64.Build.0 = Release|Any CPU
		{B2C7EB07-70FB-42CF-AF91-EDAC3F4D66F5}.Release|ARM64.Deploy.0 = Release|Any CPU
		{B2C7EB07-70FB-42CF-AF91-EDAC3F4D66F5}.Release|x64.ActiveCfg = Release|x64
		{B2C7EB07-70FB-42CF-AF91-EDAC3F4D66F5}.Release|x64.Build.0 = Release|x64
		{B2C7EB07-70FB-42CF-AF91-EDAC3F4D66F5}.Release|x64.Deploy.0 = Release|x64
		{B2C7EB07-70FB-42CF-AF91-EDAC3F4D66F5}.Release|x86.ActiveCfg = Release|x86
		{B2C7EB07-70FB-42CF-AF91-EDAC3F4D66F5}.Release|x86.Build.0 = Release|x86
		{B2C7EB07-70FB-42CF-AF91-EDAC3F4D66F5}.Release|x86.Deploy.0 = Release|x86
	EndGlobalSection
	GlobalSection(SolutionProperties) = preSolution
		HideSolutionNode = FALSE
	EndGlobalSection
	GlobalSection(ExtensibilityGlobals) = postSolution
		SolutionGuid = {404BFB66-DB07-4841-91CD-A3B1B2A3A0D8}
	EndGlobalSection
EndGlobal
